// !$*UTF8*$!
{
	archiveVersion = 1;
	classes = {
	};
	objectVersion = 50;
	objects = {

/* Begin PBXBuildFile section */
		225829EE4B3E42D6DEBE9593 /* Pods_InstagramClone.framework in Frameworks */ = {isa = PBXBuildFile; fileRef = 33BBF5FBB4429D27D9AC6B34 /* Pods_InstagramClone.framework */; };
		51140B4E2237538200F551B6 /* SignUpViewController.swift in Sources */ = {isa = PBXBuildFile; fileRef = 51140B4D2237538200F551B6 /* SignUpViewController.swift */; };
		511F2422224EA7B500FD4E7F /* CommentViewController.swift in Sources */ = {isa = PBXBuildFile; fileRef = 511F2421224EA7B500FD4E7F /* CommentViewController.swift */; };
		511F2424224EA90100FD4E7F /* CommentCell.swift in Sources */ = {isa = PBXBuildFile; fileRef = 511F2423224EA90100FD4E7F /* CommentCell.swift */; };
		511F2426224EC79E00FD4E7F /* Comment.swift in Sources */ = {isa = PBXBuildFile; fileRef = 511F2425224EC79E00FD4E7F /* Comment.swift */; };
		5120CCC6223EA2A5006B08A0 /* Protocols.swift in Sources */ = {isa = PBXBuildFile; fileRef = 5120CCC5223EA2A5006B08A0 /* Protocols.swift */; };
		5122FD7A223ADE8000FCC168 /* SearchUserCell.swift in Sources */ = {isa = PBXBuildFile; fileRef = 5122FD79223ADE8000FCC168 /* SearchUserCell.swift */; };
		513D86912240342000DAA328 /* FollowLikeCell.swift in Sources */ = {isa = PBXBuildFile; fileRef = 513D86902240342000DAA328 /* FollowLikeCell.swift */; };
		513D86932240349F00DAA328 /* FollowLikeViewController.swift in Sources */ = {isa = PBXBuildFile; fileRef = 513D86922240349F00DAA328 /* FollowLikeViewController.swift */; };
		5158F2162237A6680020BBA0 /* GoogleService-Info.plist in Resources */ = {isa = PBXBuildFile; fileRef = 5158F2152237A6670020BBA0 /* GoogleService-Info.plist */; };
		515D31F22244F41400B8E9C7 /* FeedCell.swift in Sources */ = {isa = PBXBuildFile; fileRef = 515D31F12244F41400B8E9C7 /* FeedCell.swift */; };
		5161D4DD223F88130095A447 /* Constants.swift in Sources */ = {isa = PBXBuildFile; fileRef = 5161D4DC223F88130095A447 /* Constants.swift */; };
		5163465E223732210095AF81 /* AppDelegate.swift in Sources */ = {isa = PBXBuildFile; fileRef = 5163465D223732210095AF81 /* AppDelegate.swift */; };
		51634663223732210095AF81 /* Main.storyboard in Resources */ = {isa = PBXBuildFile; fileRef = 51634661223732210095AF81 /* Main.storyboard */; };
		51634665223732230095AF81 /* Assets.xcassets in Resources */ = {isa = PBXBuildFile; fileRef = 51634664223732230095AF81 /* Assets.xcassets */; };
		51634668223732230095AF81 /* LaunchScreen.storyboard in Resources */ = {isa = PBXBuildFile; fileRef = 51634666223732230095AF81 /* LaunchScreen.storyboard */; };
		51634673223732D50095AF81 /* LoginViewController.swift in Sources */ = {isa = PBXBuildFile; fileRef = 51634672223732D50095AF81 /* LoginViewController.swift */; };
		51634678223735560095AF81 /* Extansions.swift in Sources */ = {isa = PBXBuildFile; fileRef = 51634677223735560095AF81 /* Extansions.swift */; };
		5173579F2238A26000CB1E1F /* MainTabViewController.swift in Sources */ = {isa = PBXBuildFile; fileRef = 5173579E2238A26000CB1E1F /* MainTabViewController.swift */; };
		517357A12238A66A00CB1E1F /* FeedViewController.swift in Sources */ = {isa = PBXBuildFile; fileRef = 517357A02238A66A00CB1E1F /* FeedViewController.swift */; };
		517357A32238A6A300CB1E1F /* SearchViewController.swift in Sources */ = {isa = PBXBuildFile; fileRef = 517357A22238A6A300CB1E1F /* SearchViewController.swift */; };
		517357A52238A6D100CB1E1F /* UploadPostViewController.swift in Sources */ = {isa = PBXBuildFile; fileRef = 517357A42238A6D100CB1E1F /* UploadPostViewController.swift */; };
		517357A72238A70A00CB1E1F /* NotificationsViewController.swift in Sources */ = {isa = PBXBuildFile; fileRef = 517357A62238A70A00CB1E1F /* NotificationsViewController.swift */; };
		517357A92238A74200CB1E1F /* UserProfileViewController.swift in Sources */ = {isa = PBXBuildFile; fileRef = 517357A82238A74200CB1E1F /* UserProfileViewController.swift */; };
		517357B12239743400CB1E1F /* UserProfileHeader.swift in Sources */ = {isa = PBXBuildFile; fileRef = 517357B02239743400CB1E1F /* UserProfileHeader.swift */; };
		517357B32239973800CB1E1F /* User.swift in Sources */ = {isa = PBXBuildFile; fileRef = 517357B22239973800CB1E1F /* User.swift */; };
		51CF2B742243E0E8001EED21 /* SelectImageViewController.swift in Sources */ = {isa = PBXBuildFile; fileRef = 51CF2B732243E0E8001EED21 /* SelectImageViewController.swift */; };
		51CF2B762243E1A9001EED21 /* SelectPhotoCell.swift in Sources */ = {isa = PBXBuildFile; fileRef = 51CF2B752243E1A9001EED21 /* SelectPhotoCell.swift */; };
		51CF2B782243E20A001EED21 /* SelectPhotoHeader.swift in Sources */ = {isa = PBXBuildFile; fileRef = 51CF2B772243E20A001EED21 /* SelectPhotoHeader.swift */; };
		51CF2B7A2244195D001EED21 /* Post.swift in Sources */ = {isa = PBXBuildFile; fileRef = 51CF2B792244195D001EED21 /* Post.swift */; };
		51CF2B7C22442709001EED21 /* UserPostCell.swift in Sources */ = {isa = PBXBuildFile; fileRef = 51CF2B7B22442709001EED21 /* UserPostCell.swift */; };
		51CF2B7E22443B15001EED21 /* CustomImageView.swift in Sources */ = {isa = PBXBuildFile; fileRef = 51CF2B7D22443B15001EED21 /* CustomImageView.swift */; };
/* End PBXBuildFile section */

/* Begin PBXFileReference section */
		33BBF5FBB4429D27D9AC6B34 /* Pods_InstagramClone.framework */ = {isa = PBXFileReference; explicitFileType = wrapper.framework; includeInIndex = 0; path = Pods_InstagramClone.framework; sourceTree = BUILT_PRODUCTS_DIR; };
		51140B4D2237538200F551B6 /* SignUpViewController.swift */ = {isa = PBXFileReference; lastKnownFileType = sourcecode.swift; path = SignUpViewController.swift; sourceTree = "<group>"; };
		511F2421224EA7B500FD4E7F /* CommentViewController.swift */ = {isa = PBXFileReference; lastKnownFileType = sourcecode.swift; path = CommentViewController.swift; sourceTree = "<group>"; };
		511F2423224EA90100FD4E7F /* CommentCell.swift */ = {isa = PBXFileReference; lastKnownFileType = sourcecode.swift; path = CommentCell.swift; sourceTree = "<group>"; };
		511F2425224EC79E00FD4E7F /* Comment.swift */ = {isa = PBXFileReference; lastKnownFileType = sourcecode.swift; path = Comment.swift; sourceTree = "<group>"; };
		5120CCC5223EA2A5006B08A0 /* Protocols.swift */ = {isa = PBXFileReference; lastKnownFileType = sourcecode.swift; path = Protocols.swift; sourceTree = "<group>"; };
		5122FD79223ADE8000FCC168 /* SearchUserCell.swift */ = {isa = PBXFileReference; lastKnownFileType = sourcecode.swift; path = SearchUserCell.swift; sourceTree = "<group>"; };
		513D86902240342000DAA328 /* FollowLikeCell.swift */ = {isa = PBXFileReference; lastKnownFileType = sourcecode.swift; path = FollowLikeCell.swift; sourceTree = "<group>"; };
		513D86922240349F00DAA328 /* FollowLikeViewController.swift */ = {isa = PBXFileReference; lastKnownFileType = sourcecode.swift; path = FollowLikeViewController.swift; sourceTree = "<group>"; };
		5158F2152237A6670020BBA0 /* GoogleService-Info.plist */ = {isa = PBXFileReference; fileEncoding = 4; lastKnownFileType = text.plist.xml; path = "GoogleService-Info.plist"; sourceTree = "<group>"; };
		515D31F12244F41400B8E9C7 /* FeedCell.swift */ = {isa = PBXFileReference; lastKnownFileType = sourcecode.swift; path = FeedCell.swift; sourceTree = "<group>"; };
		5161D4DC223F88130095A447 /* Constants.swift */ = {isa = PBXFileReference; lastKnownFileType = sourcecode.swift; path = Constants.swift; sourceTree = "<group>"; };
		5163465A223732210095AF81 /* InstagramClone.app */ = {isa = PBXFileReference; explicitFileType = wrapper.application; includeInIndex = 0; path = InstagramClone.app; sourceTree = BUILT_PRODUCTS_DIR; };
		5163465D223732210095AF81 /* AppDelegate.swift */ = {isa = PBXFileReference; lastKnownFileType = sourcecode.swift; path = AppDelegate.swift; sourceTree = "<group>"; };
		51634662223732210095AF81 /* Base */ = {isa = PBXFileReference; lastKnownFileType = file.storyboard; name = Base; path = Base.lproj/Main.storyboard; sourceTree = "<group>"; };
		51634664223732230095AF81 /* Assets.xcassets */ = {isa = PBXFileReference; lastKnownFileType = folder.assetcatalog; path = Assets.xcassets; sourceTree = "<group>"; };
		51634667223732230095AF81 /* Base */ = {isa = PBXFileReference; lastKnownFileType = file.storyboard; name = Base; path = Base.lproj/LaunchScreen.storyboard; sourceTree = "<group>"; };
		51634669223732230095AF81 /* Info.plist */ = {isa = PBXFileReference; lastKnownFileType = text.plist.xml; path = Info.plist; sourceTree = "<group>"; };
		51634672223732D50095AF81 /* LoginViewController.swift */ = {isa = PBXFileReference; lastKnownFileType = sourcecode.swift; path = LoginViewController.swift; sourceTree = "<group>"; };
		51634677223735560095AF81 /* Extansions.swift */ = {isa = PBXFileReference; lastKnownFileType = sourcecode.swift; path = Extansions.swift; sourceTree = "<group>"; };
		5173579E2238A26000CB1E1F /* MainTabViewController.swift */ = {isa = PBXFileReference; lastKnownFileType = sourcecode.swift; path = MainTabViewController.swift; sourceTree = "<group>"; };
		517357A02238A66A00CB1E1F /* FeedViewController.swift */ = {isa = PBXFileReference; lastKnownFileType = sourcecode.swift; path = FeedViewController.swift; sourceTree = "<group>"; };
		517357A22238A6A300CB1E1F /* SearchViewController.swift */ = {isa = PBXFileReference; lastKnownFileType = sourcecode.swift; path = SearchViewController.swift; sourceTree = "<group>"; };
		517357A42238A6D100CB1E1F /* UploadPostViewController.swift */ = {isa = PBXFileReference; lastKnownFileType = sourcecode.swift; path = UploadPostViewController.swift; sourceTree = "<group>"; };
		517357A62238A70A00CB1E1F /* NotificationsViewController.swift */ = {isa = PBXFileReference; lastKnownFileType = sourcecode.swift; path = NotificationsViewController.swift; sourceTree = "<group>"; };
		517357A82238A74200CB1E1F /* UserProfileViewController.swift */ = {isa = PBXFileReference; lastKnownFileType = sourcecode.swift; path = UserProfileViewController.swift; sourceTree = "<group>"; };
		517357B02239743400CB1E1F /* UserProfileHeader.swift */ = {isa = PBXFileReference; lastKnownFileType = sourcecode.swift; path = UserProfileHeader.swift; sourceTree = "<group>"; };
		517357B22239973800CB1E1F /* User.swift */ = {isa = PBXFileReference; lastKnownFileType = sourcecode.swift; path = User.swift; sourceTree = "<group>"; };
		51CF2B732243E0E8001EED21 /* SelectImageViewController.swift */ = {isa = PBXFileReference; lastKnownFileType = sourcecode.swift; path = SelectImageViewController.swift; sourceTree = "<group>"; };
		51CF2B752243E1A9001EED21 /* SelectPhotoCell.swift */ = {isa = PBXFileReference; lastKnownFileType = sourcecode.swift; path = SelectPhotoCell.swift; sourceTree = "<group>"; };
		51CF2B772243E20A001EED21 /* SelectPhotoHeader.swift */ = {isa = PBXFileReference; lastKnownFileType = sourcecode.swift; path = SelectPhotoHeader.swift; sourceTree = "<group>"; };
		51CF2B792244195D001EED21 /* Post.swift */ = {isa = PBXFileReference; lastKnownFileType = sourcecode.swift; path = Post.swift; sourceTree = "<group>"; };
		51CF2B7B22442709001EED21 /* UserPostCell.swift */ = {isa = PBXFileReference; lastKnownFileType = sourcecode.swift; path = UserPostCell.swift; sourceTree = "<group>"; };
		51CF2B7D22443B15001EED21 /* CustomImageView.swift */ = {isa = PBXFileReference; lastKnownFileType = sourcecode.swift; path = CustomImageView.swift; sourceTree = "<group>"; };
		873680CC99C0EAB4A954337F /* Pods-InstagramClone.debug.xcconfig */ = {isa = PBXFileReference; includeInIndex = 1; lastKnownFileType = text.xcconfig; name = "Pods-InstagramClone.debug.xcconfig"; path = "Target Support Files/Pods-InstagramClone/Pods-InstagramClone.debug.xcconfig"; sourceTree = "<group>"; };
		B047E19BB189CDD31F7ED54D /* Pods-InstagramClone.release.xcconfig */ = {isa = PBXFileReference; includeInIndex = 1; lastKnownFileType = text.xcconfig; name = "Pods-InstagramClone.release.xcconfig"; path = "Target Support Files/Pods-InstagramClone/Pods-InstagramClone.release.xcconfig"; sourceTree = "<group>"; };
/* End PBXFileReference section */

/* Begin PBXFrameworksBuildPhase section */
		51634657223732210095AF81 /* Frameworks */ = {
			isa = PBXFrameworksBuildPhase;
			buildActionMask = 2147483647;
			files = (
				225829EE4B3E42D6DEBE9593 /* Pods_InstagramClone.framework in Frameworks */,
			);
			runOnlyForDeploymentPostprocessing = 0;
		};
/* End PBXFrameworksBuildPhase section */

/* Begin PBXGroup section */
		2220DD69424F59384BB1F233 /* Pods */ = {
			isa = PBXGroup;
			children = (
				873680CC99C0EAB4A954337F /* Pods-InstagramClone.debug.xcconfig */,
				B047E19BB189CDD31F7ED54D /* Pods-InstagramClone.release.xcconfig */,
			);
			path = Pods;
			sourceTree = "<group>";
		};
		51634651223732210095AF81 = {
			isa = PBXGroup;
			children = (
				5163465C223732210095AF81 /* InstagramClone */,
				5163465B223732210095AF81 /* Products */,
				2220DD69424F59384BB1F233 /* Pods */,
				9B6C39760D9C532D5F340872 /* Frameworks */,
			);
			sourceTree = "<group>";
		};
		5163465B223732210095AF81 /* Products */ = {
			isa = PBXGroup;
			children = (
				5163465A223732210095AF81 /* InstagramClone.app */,
			);
			name = Products;
			sourceTree = "<group>";
		};
		5163465C223732210095AF81 /* InstagramClone */ = {
			isa = PBXGroup;
			children = (
				516346742237352E0095AF81 /* Utils */,
				516346712237325B0095AF81 /* Controller */,
				51634670223732570095AF81 /* View */,
				5163466F2237324F0095AF81 /* Model */,
				5163465D223732210095AF81 /* AppDelegate.swift */,
				51634661223732210095AF81 /* Main.storyboard */,
				51634664223732230095AF81 /* Assets.xcassets */,
				51634666223732230095AF81 /* LaunchScreen.storyboard */,
				51634669223732230095AF81 /* Info.plist */,
				5158F2152237A6670020BBA0 /* GoogleService-Info.plist */,
			);
			path = InstagramClone;
			sourceTree = "<group>";
		};
		5163466F2237324F0095AF81 /* Model */ = {
			isa = PBXGroup;
			children = (
				517357B22239973800CB1E1F /* User.swift */,
				51CF2B792244195D001EED21 /* Post.swift */,
				511F2425224EC79E00FD4E7F /* Comment.swift */,
			);
			path = Model;
			sourceTree = "<group>";
		};
		51634670223732570095AF81 /* View */ = {
			isa = PBXGroup;
			children = (
				517357B02239743400CB1E1F /* UserProfileHeader.swift */,
				5122FD79223ADE8000FCC168 /* SearchUserCell.swift */,
				513D86902240342000DAA328 /* FollowLikeCell.swift */,
				51CF2B752243E1A9001EED21 /* SelectPhotoCell.swift */,
				51CF2B772243E20A001EED21 /* SelectPhotoHeader.swift */,
				51CF2B7B22442709001EED21 /* UserPostCell.swift */,
				515D31F12244F41400B8E9C7 /* FeedCell.swift */,
				511F2423224EA90100FD4E7F /* CommentCell.swift */,
			);
			path = View;
			sourceTree = "<group>";
		};
		516346712237325B0095AF81 /* Controller */ = {
			isa = PBXGroup;
			children = (
				517357AA22396A7300CB1E1F /* Login */,
				517357AB22396A8100CB1E1F /* Feed */,
				517357AC22396A8300CB1E1F /* Search */,
				517357AD22396A8500CB1E1F /* UploadPost */,
				517357AE22396A8700CB1E1F /* Notifications */,
				517357AF22396A8900CB1E1F /* UserProfile */,
				5173579E2238A26000CB1E1F /* MainTabViewController.swift */,
			);
			path = Controller;
			sourceTree = "<group>";
		};
		516346742237352E0095AF81 /* Utils */ = {
			isa = PBXGroup;
			children = (
				51634677223735560095AF81 /* Extansions.swift */,
				5120CCC5223EA2A5006B08A0 /* Protocols.swift */,
				5161D4DC223F88130095A447 /* Constants.swift */,
				51CF2B7D22443B15001EED21 /* CustomImageView.swift */,
			);
			path = Utils;
			sourceTree = "<group>";
		};
		517357AA22396A7300CB1E1F /* Login */ = {
			isa = PBXGroup;
			children = (
				51634672223732D50095AF81 /* LoginViewController.swift */,
				51140B4D2237538200F551B6 /* SignUpViewController.swift */,
			);
			path = Login;
			sourceTree = "<group>";
		};
		517357AB22396A8100CB1E1F /* Feed */ = {
			isa = PBXGroup;
			children = (
				517357A02238A66A00CB1E1F /* FeedViewController.swift */,
				511F2421224EA7B500FD4E7F /* CommentViewController.swift */,
			);
			path = Feed;
			sourceTree = "<group>";
		};
		517357AC22396A8300CB1E1F /* Search */ = {
			isa = PBXGroup;
			children = (
				517357A22238A6A300CB1E1F /* SearchViewController.swift */,
			);
			path = Search;
			sourceTree = "<group>";
		};
		517357AD22396A8500CB1E1F /* UploadPost */ = {
			isa = PBXGroup;
			children = (
				517357A42238A6D100CB1E1F /* UploadPostViewController.swift */,
				51CF2B732243E0E8001EED21 /* SelectImageViewController.swift */,
			);
			path = UploadPost;
			sourceTree = "<group>";
		};
		517357AE22396A8700CB1E1F /* Notifications */ = {
			isa = PBXGroup;
			children = (
				517357A62238A70A00CB1E1F /* NotificationsViewController.swift */,
			);
			path = Notifications;
			sourceTree = "<group>";
		};
		517357AF22396A8900CB1E1F /* UserProfile */ = {
			isa = PBXGroup;
			children = (
				517357A82238A74200CB1E1F /* UserProfileViewController.swift */,
				513D86922240349F00DAA328 /* FollowLikeViewController.swift */,
			);
			path = UserProfile;
			sourceTree = "<group>";
		};
		9B6C39760D9C532D5F340872 /* Frameworks */ = {
			isa = PBXGroup;
			children = (
				33BBF5FBB4429D27D9AC6B34 /* Pods_InstagramClone.framework */,
			);
			name = Frameworks;
			sourceTree = "<group>";
		};
/* End PBXGroup section */

/* Begin PBXNativeTarget section */
		51634659223732210095AF81 /* InstagramClone */ = {
			isa = PBXNativeTarget;
			buildConfigurationList = 5163466C223732230095AF81 /* Build configuration list for PBXNativeTarget "InstagramClone" */;
			buildPhases = (
				36FC1AA45311C599EE02906E /* [CP] Check Pods Manifest.lock */,
				51634656223732210095AF81 /* Sources */,
				51634657223732210095AF81 /* Frameworks */,
				51634658223732210095AF81 /* Resources */,
				54EAAE50D99D64818D7E3810 /* [CP] Embed Pods Frameworks */,
			);
			buildRules = (
			);
			dependencies = (
			);
			name = InstagramClone;
			productName = InstagramClone;
			productReference = 5163465A223732210095AF81 /* InstagramClone.app */;
			productType = "com.apple.product-type.application";
		};
/* End PBXNativeTarget section */

/* Begin PBXProject section */
		51634652223732210095AF81 /* Project object */ = {
			isa = PBXProject;
			attributes = {
				LastSwiftUpdateCheck = 1010;
				LastUpgradeCheck = 1010;
				ORGANIZATIONNAME = ET;
				TargetAttributes = {
					51634659223732210095AF81 = {
						CreatedOnToolsVersion = 10.1;
					};
				};
			};
			buildConfigurationList = 51634655223732210095AF81 /* Build configuration list for PBXProject "InstagramClone" */;
			compatibilityVersion = "Xcode 9.3";
			developmentRegion = en;
			hasScannedForEncodings = 0;
			knownRegions = (
				en,
				Base,
			);
			mainGroup = 51634651223732210095AF81;
			productRefGroup = 5163465B223732210095AF81 /* Products */;
			projectDirPath = "";
			projectRoot = "";
			targets = (
				51634659223732210095AF81 /* InstagramClone */,
			);
		};
/* End PBXProject section */

/* Begin PBXResourcesBuildPhase section */
		51634658223732210095AF81 /* Resources */ = {
			isa = PBXResourcesBuildPhase;
			buildActionMask = 2147483647;
			files = (
				51634668223732230095AF81 /* LaunchScreen.storyboard in Resources */,
				5158F2162237A6680020BBA0 /* GoogleService-Info.plist in Resources */,
				51634665223732230095AF81 /* Assets.xcassets in Resources */,
				51634663223732210095AF81 /* Main.storyboard in Resources */,
			);
			runOnlyForDeploymentPostprocessing = 0;
		};
/* End PBXResourcesBuildPhase section */

/* Begin PBXShellScriptBuildPhase section */
		36FC1AA45311C599EE02906E /* [CP] Check Pods Manifest.lock */ = {
			isa = PBXShellScriptBuildPhase;
			buildActionMask = 2147483647;
			files = (
			);
			inputFileListPaths = (
			);
			inputPaths = (
				"${PODS_PODFILE_DIR_PATH}/Podfile.lock",
				"${PODS_ROOT}/Manifest.lock",
			);
			name = "[CP] Check Pods Manifest.lock";
			outputFileListPaths = (
			);
			outputPaths = (
				"$(DERIVED_FILE_DIR)/Pods-InstagramClone-checkManifestLockResult.txt",
			);
			runOnlyForDeploymentPostprocessing = 0;
			shellPath = /bin/sh;
			shellScript = "diff \"${PODS_PODFILE_DIR_PATH}/Podfile.lock\" \"${PODS_ROOT}/Manifest.lock\" > /dev/null\nif [ $? != 0 ] ; then\n    # print error to STDERR\n    echo \"error: The sandbox is not in sync with the Podfile.lock. Run 'pod install' or update your CocoaPods installation.\" >&2\n    exit 1\nfi\n# This output is used by Xcode 'outputs' to avoid re-running this script phase.\necho \"SUCCESS\" > \"${SCRIPT_OUTPUT_FILE_0}\"\n";
			showEnvVarsInLog = 0;
		};
		54EAAE50D99D64818D7E3810 /* [CP] Embed Pods Frameworks */ = {
			isa = PBXShellScriptBuildPhase;
			buildActionMask = 2147483647;
			files = (
			);
			inputFileListPaths = (
			);
			inputPaths = (
				"${PODS_ROOT}/Target Support Files/Pods-InstagramClone/Pods-InstagramClone-frameworks.sh",
				"${BUILT_PRODUCTS_DIR}/GTMSessionFetcher/GTMSessionFetcher.framework",
				"${BUILT_PRODUCTS_DIR}/GoogleUtilities/GoogleUtilities.framework",
				"${BUILT_PRODUCTS_DIR}/leveldb-library/leveldb.framework",
			);
			name = "[CP] Embed Pods Frameworks";
			outputFileListPaths = (
			);
			outputPaths = (
				"${TARGET_BUILD_DIR}/${FRAMEWORKS_FOLDER_PATH}/GTMSessionFetcher.framework",
				"${TARGET_BUILD_DIR}/${FRAMEWORKS_FOLDER_PATH}/GoogleUtilities.framework",
				"${TARGET_BUILD_DIR}/${FRAMEWORKS_FOLDER_PATH}/leveldb.framework",
			);
			runOnlyForDeploymentPostprocessing = 0;
			shellPath = /bin/sh;
			shellScript = "\"${PODS_ROOT}/Target Support Files/Pods-InstagramClone/Pods-InstagramClone-frameworks.sh\"\n";
			showEnvVarsInLog = 0;
		};
/* End PBXShellScriptBuildPhase section */

/* Begin PBXSourcesBuildPhase section */
		51634656223732210095AF81 /* Sources */ = {
			isa = PBXSourcesBuildPhase;
			buildActionMask = 2147483647;
			files = (
				517357B12239743400CB1E1F /* UserProfileHeader.swift in Sources */,
				51CF2B782243E20A001EED21 /* SelectPhotoHeader.swift in Sources */,
				51CF2B7E22443B15001EED21 /* CustomImageView.swift in Sources */,
				517357A72238A70A00CB1E1F /* NotificationsViewController.swift in Sources */,
				517357A92238A74200CB1E1F /* UserProfileViewController.swift in Sources */,
				515D31F22244F41400B8E9C7 /* FeedCell.swift in Sources */,
				5173579F2238A26000CB1E1F /* MainTabViewController.swift in Sources */,
				5122FD7A223ADE8000FCC168 /* SearchUserCell.swift in Sources */,
				513D86932240349F00DAA328 /* FollowLikeViewController.swift in Sources */,
				5161D4DD223F88130095A447 /* Constants.swift in Sources */,
				511F2422224EA7B500FD4E7F /* CommentViewController.swift in Sources */,
				51CF2B762243E1A9001EED21 /* SelectPhotoCell.swift in Sources */,
				517357A32238A6A300CB1E1F /* SearchViewController.swift in Sources */,
				511F2424224EA90100FD4E7F /* CommentCell.swift in Sources */,
				51CF2B7C22442709001EED21 /* UserPostCell.swift in Sources */,
				51634673223732D50095AF81 /* LoginViewController.swift in Sources */,
				517357A52238A6D100CB1E1F /* UploadPostViewController.swift in Sources */,
				51CF2B7A2244195D001EED21 /* Post.swift in Sources */,
				51634678223735560095AF81 /* Extansions.swift in Sources */,
				5120CCC6223EA2A5006B08A0 /* Protocols.swift in Sources */,
				517357B32239973800CB1E1F /* User.swift in Sources */,
				51140B4E2237538200F551B6 /* SignUpViewController.swift in Sources */,
				51CF2B742243E0E8001EED21 /* SelectImageViewController.swift in Sources */,
				517357A12238A66A00CB1E1F /* FeedViewController.swift in Sources */,
				513D86912240342000DAA328 /* FollowLikeCell.swift in Sources */,
				511F2426224EC79E00FD4E7F /* Comment.swift in Sources */,
				5163465E223732210095AF81 /* AppDelegate.swift in Sources */,
			);
			runOnlyForDeploymentPostprocessing = 0;
		};
/* End PBXSourcesBuildPhase section */

/* Begin PBXVariantGroup section */
		51634661223732210095AF81 /* Main.storyboard */ = {
			isa = PBXVariantGroup;
			children = (
				51634662223732210095AF81 /* Base */,
			);
			name = Main.storyboard;
			sourceTree = "<group>";
		};
		51634666223732230095AF81 /* LaunchScreen.storyboard */ = {
			isa = PBXVariantGroup;
			children = (
				51634667223732230095AF81 /* Base */,
			);
			name = LaunchScreen.storyboard;
			sourceTree = "<group>";
		};
/* End PBXVariantGroup section */

/* Begin XCBuildConfiguration section */
		5163466A223732230095AF81 /* Debug */ = {
			isa = XCBuildConfiguration;
			buildSettings = {
				ALWAYS_SEARCH_USER_PATHS = NO;
				CLANG_ANALYZER_NONNULL = YES;
				CLANG_ANALYZER_NUMBER_OBJECT_CONVERSION = YES_AGGRESSIVE;
				CLANG_CXX_LANGUAGE_STANDARD = "gnu++14";
				CLANG_CXX_LIBRARY = "libc++";
				CLANG_ENABLE_MODULES = YES;
				CLANG_ENABLE_OBJC_ARC = YES;
				CLANG_ENABLE_OBJC_WEAK = YES;
				CLANG_WARN_BLOCK_CAPTURE_AUTORELEASING = YES;
				CLANG_WARN_BOOL_CONVERSION = YES;
				CLANG_WARN_COMMA = YES;
				CLANG_WARN_CONSTANT_CONVERSION = YES;
				CLANG_WARN_DEPRECATED_OBJC_IMPLEMENTATIONS = YES;
				CLANG_WARN_DIRECT_OBJC_ISA_USAGE = YES_ERROR;
				CLANG_WARN_DOCUMENTATION_COMMENTS = YES;
				CLANG_WARN_EMPTY_BODY = YES;
				CLANG_WARN_ENUM_CONVERSION = YES;
				CLANG_WARN_INFINITE_RECURSION = YES;
				CLANG_WARN_INT_CONVERSION = YES;
				CLANG_WARN_NON_LITERAL_NULL_CONVERSION = YES;
				CLANG_WARN_OBJC_IMPLICIT_RETAIN_SELF = YES;
				CLANG_WARN_OBJC_LITERAL_CONVERSION = YES;
				CLANG_WARN_OBJC_ROOT_CLASS = YES_ERROR;
				CLANG_WARN_RANGE_LOOP_ANALYSIS = YES;
				CLANG_WARN_STRICT_PROTOTYPES = YES;
				CLANG_WARN_SUSPICIOUS_MOVE = YES;
				CLANG_WARN_UNGUARDED_AVAILABILITY = YES_AGGRESSIVE;
				CLANG_WARN_UNREACHABLE_CODE = YES;
				CLANG_WARN__DUPLICATE_METHOD_MATCH = YES;
				CODE_SIGN_IDENTITY = "iPhone Developer";
				COPY_PHASE_STRIP = NO;
				DEBUG_INFORMATION_FORMAT = dwarf;
				ENABLE_STRICT_OBJC_MSGSEND = YES;
				ENABLE_TESTABILITY = YES;
				GCC_C_LANGUAGE_STANDARD = gnu11;
				GCC_DYNAMIC_NO_PIC = NO;
				GCC_NO_COMMON_BLOCKS = YES;
				GCC_OPTIMIZATION_LEVEL = 0;
				GCC_PREPROCESSOR_DEFINITIONS = (
					"DEBUG=1",
					"$(inherited)",
				);
				GCC_WARN_64_TO_32_BIT_CONVERSION = YES;
				GCC_WARN_ABOUT_RETURN_TYPE = YES_ERROR;
				GCC_WARN_UNDECLARED_SELECTOR = YES;
				GCC_WARN_UNINITIALIZED_AUTOS = YES_AGGRESSIVE;
				GCC_WARN_UNUSED_FUNCTION = YES;
				GCC_WARN_UNUSED_VARIABLE = YES;
				IPHONEOS_DEPLOYMENT_TARGET = 12.1;
				MTL_ENABLE_DEBUG_INFO = INCLUDE_SOURCE;
				MTL_FAST_MATH = YES;
				ONLY_ACTIVE_ARCH = YES;
				SDKROOT = iphoneos;
				SWIFT_ACTIVE_COMPILATION_CONDITIONS = DEBUG;
				SWIFT_OPTIMIZATION_LEVEL = "-Onone";
			};
			name = Debug;
		};
		5163466B223732230095AF81 /* Release */ = {
			isa = XCBuildConfiguration;
			buildSettings = {
				ALWAYS_SEARCH_USER_PATHS = NO;
				CLANG_ANALYZER_NONNULL = YES;
				CLANG_ANALYZER_NUMBER_OBJECT_CONVERSION = YES_AGGRESSIVE;
				CLANG_CXX_LANGUAGE_STANDARD = "gnu++14";
				CLANG_CXX_LIBRARY = "libc++";
				CLANG_ENABLE_MODULES = YES;
				CLANG_ENABLE_OBJC_ARC = YES;
				CLANG_ENABLE_OBJC_WEAK = YES;
				CLANG_WARN_BLOCK_CAPTURE_AUTORELEASING = YES;
				CLANG_WARN_BOOL_CONVERSION = YES;
				CLANG_WARN_COMMA = YES;
				CLANG_WARN_CONSTANT_CONVERSION = YES;
				CLANG_WARN_DEPRECATED_OBJC_IMPLEMENTATIONS = YES;
				CLANG_WARN_DIRECT_OBJC_ISA_USAGE = YES_ERROR;
				CLANG_WARN_DOCUMENTATION_COMMENTS = YES;
				CLANG_WARN_EMPTY_BODY = YES;
				CLANG_WARN_ENUM_CONVERSION = YES;
				CLANG_WARN_INFINITE_RECURSION = YES;
				CLANG_WARN_INT_CONVERSION = YES;
				CLANG_WARN_NON_LITERAL_NULL_CONVERSION = YES;
				CLANG_WARN_OBJC_IMPLICIT_RETAIN_SELF = YES;
				CLANG_WARN_OBJC_LITERAL_CONVERSION = YES;
				CLANG_WARN_OBJC_ROOT_CLASS = YES_ERROR;
				CLANG_WARN_RANGE_LOOP_ANALYSIS = YES;
				CLANG_WARN_STRICT_PROTOTYPES = YES;
				CLANG_WARN_SUSPICIOUS_MOVE = YES;
				CLANG_WARN_UNGUARDED_AVAILABILITY = YES_AGGRESSIVE;
				CLANG_WARN_UNREACHABLE_CODE = YES;
				CLANG_WARN__DUPLICATE_METHOD_MATCH = YES;
				CODE_SIGN_IDENTITY = "iPhone Developer";
				COPY_PHASE_STRIP = NO;
				DEBUG_INFORMATION_FORMAT = "dwarf-with-dsym";
				ENABLE_NS_ASSERTIONS = NO;
				ENABLE_STRICT_OBJC_MSGSEND = YES;
				GCC_C_LANGUAGE_STANDARD = gnu11;
				GCC_NO_COMMON_BLOCKS = YES;
				GCC_WARN_64_TO_32_BIT_CONVERSION = YES;
				GCC_WARN_ABOUT_RETURN_TYPE = YES_ERROR;
				GCC_WARN_UNDECLARED_SELECTOR = YES;
				GCC_WARN_UNINITIALIZED_AUTOS = YES_AGGRESSIVE;
				GCC_WARN_UNUSED_FUNCTION = YES;
				GCC_WARN_UNUSED_VARIABLE = YES;
				IPHONEOS_DEPLOYMENT_TARGET = 12.1;
				MTL_ENABLE_DEBUG_INFO = NO;
				MTL_FAST_MATH = YES;
				SDKROOT = iphoneos;
				SWIFT_COMPILATION_MODE = wholemodule;
				SWIFT_OPTIMIZATION_LEVEL = "-O";
				VALIDATE_PRODUCT = YES;
			};
			name = Release;
		};
		5163466D223732230095AF81 /* Debug */ = {
			isa = XCBuildConfiguration;
			baseConfigurationReference = 873680CC99C0EAB4A954337F /* Pods-InstagramClone.debug.xcconfig */;
			buildSettings = {
				ASSETCATALOG_COMPILER_APPICON_NAME = AppIcon;
				CODE_SIGN_STYLE = Automatic;
				DEVELOPMENT_TEAM = 4YBD8B784H;
				INFOPLIST_FILE = InstagramClone/Info.plist;
				LD_RUNPATH_SEARCH_PATHS = (
					"$(inherited)",
					"@executable_path/Frameworks",
				);
				PRODUCT_BUNDLE_IDENTIFIER = com.egortka.InstagramClone;
				PRODUCT_NAME = "$(TARGET_NAME)";
				SWIFT_VERSION = 4.2;
				TARGETED_DEVICE_FAMILY = "1,2";
			};
			name = Debug;
		};
		5163466E223732230095AF81 /* Release */ = {
			isa = XCBuildConfiguration;
			baseConfigurationReference = B047E19BB189CDD31F7ED54D /* Pods-InstagramClone.release.xcconfig */;
			buildSettings = {
				ASSETCATALOG_COMPILER_APPICON_NAME = AppIcon;
				CODE_SIGN_STYLE = Automatic;
				DEVELOPMENT_TEAM = 4YBD8B784H;
				INFOPLIST_FILE = InstagramClone/Info.plist;
				LD_RUNPATH_SEARCH_PATHS = (
					"$(inherited)",
					"@executable_path/Frameworks",
				);
				PRODUCT_BUNDLE_IDENTIFIER = com.egortka.InstagramClone;
				PRODUCT_NAME = "$(TARGET_NAME)";
				SWIFT_VERSION = 4.2;
				TARGETED_DEVICE_FAMILY = "1,2";
			};
			name = Release;
		};
/* End XCBuildConfiguration section */

/* Begin XCConfigurationList section */
		51634655223732210095AF81 /* Build configuration list for PBXProject "InstagramClone" */ = {
			isa = XCConfigurationList;
			buildConfigurations = (
				5163466A223732230095AF81 /* Debug */,
				5163466B223732230095AF81 /* Release */,
			);
			defaultConfigurationIsVisible = 0;
			defaultConfigurationName = Release;
		};
		5163466C223732230095AF81 /* Build configuration list for PBXNativeTarget "InstagramClone" */ = {
			isa = XCConfigurationList;
			buildConfigurations = (
				5163466D223732230095AF81 /* Debug */,
				5163466E223732230095AF81 /* Release */,
			);
			defaultConfigurationIsVisible = 0;
			defaultConfigurationName = Release;
		};
/* End XCConfigurationList section */
	};
	rootObject = 51634652223732210095AF81 /* Project object */;
}
